schema: '2.0'
stages:
  prepare:
    cmd: python src/chocolate_features.py
    deps:
    - path: data/flavors_of_cacao.csv
      hash: md5
      md5: 24ae87eda0ec2b6cbc0d252fd5e2b9a5
      size: 127734
    - path: src/chocolate_features.py
      hash: md5
      md5: f9b6516d9f319c967e8cb8b2434dbc34
      size: 3285
    params:
      params.yaml:
        features.data: data/flavors_of_cacao.csv
        features.target: rating
    outs:
    - path: data/chocolate_pipeline.pkl
      hash: md5
      md5: eead7698e3337a4900742ca47f6ac705
      size: 29141
    - path: data/chocolate_processed_test.csv
      hash: md5
      md5: 4a8704bb789c2a6a5fe5e0e3f8b94b49
      size: 2131963
    - path: data/chocolate_processed_train.csv
      hash: md5
      md5: 66ce70f77d196e79a2fc5cb41fd8c9b9
      size: 8512778
